
Microsoft Visual Studio Solution File, Format Version 12.00
# Visual Studio Version 17
VisualStudioVersion = 17.9.34701.34
MinimumVisualStudioVersion = 10.0.40219.1
Project("{FAE04EC0-301F-11D3-BF4B-00C04F79EFBC}") = "classencapsulation", "classencapsulation\classencapsulation.csproj", "{992D85A7-561D-4AF6-8B68-7FDAA6F0B51D}"
EndProject
Global
	GlobalSection(SolutionConfigurationPlatforms) = preSolution
		Debug|Any CPU = Debug|Any CPU
		Release|Any CPU = Release|Any CPU
	EndGlobalSection
	GlobalSection(ProjectConfigurationPlatforms) = postSolution
		{992D85A7-561D-4AF6-8B68-7FDAA6F0B51D}.Debug|Any CPU.ActiveCfg = Debug|Any CPU
		{992D85A7-561D-4AF6-8B68-7FDAA6F0B51D}.Debug|Any CPU.Build.0 = Debug|Any CPU
		{992D85A7-561D-4AF6-8B68-7FDAA6F0B51D}.Release|Any CPU.ActiveCfg = Release|Any CPU
		{992D85A7-561D-4AF6-8B68-7FDAA6F0B51D}.Release|Any CPU.Build.0 = Release|Any CPU
	EndGlobalSection
	GlobalSection(SolutionProperties) = preSolution
		HideSolutionNode = FALSE
	EndGlobalSection
	GlobalSection(ExtensibilityGlobals) = postSolution
		SolutionGuid = {67800BB9-F2DA-4DC8-B216-4A0A075F5B6B}
	EndGlobalSection
EndGlobal
